
Microsoft Visual Studio Solution File, Format Version 12.00
# Visual Studio 15
VisualStudioVersion = 15.0.28307.168
MinimumVisualStudioVersion = 10.0.40219.1
Project("{9A19103F-16F7-4668-BE54-9A1E7A4F7556}") = "NOpenCL", "NOpenCL\NOpenCL.csproj", "{8A3885B4-ECC0-46F7-85BD-019EEAFD58BA}"
EndProject
Project("{FAE04EC0-301F-11D3-BF4B-00C04F79EFBC}") = "NVIDIA Keeper", "NVIDIA Keeper\NVIDIA Keeper.csproj", "{C7C3F68A-3D43-4C7A-B3AC-A7D1E777FA01}"
EndProject
Global
	GlobalSection(SolutionConfigurationPlatforms) = preSolution
		Debug|Any CPU = Debug|Any CPU
		Release|Any CPU = Release|Any CPU
	EndGlobalSection
	GlobalSection(ProjectConfigurationPlatforms) = postSolution
		{8A3885B4-ECC0-46F7-85BD-019EEAFD58BA}.Debug|Any CPU.ActiveCfg = Debug|Any CPU
		{8A3885B4-ECC0-46F7-85BD-019EEAFD58BA}.Debug|Any CPU.Build.0 = Debug|Any CPU
		{8A3885B4-ECC0-46F7-85BD-019EEAFD58BA}.Release|Any CPU.ActiveCfg = Release|Any CPU
		{8A3885B4-ECC0-46F7-85BD-019EEAFD58BA}.Release|Any CPU.Build.0 = Release|Any CPU
		{C7C3F68A-3D43-4C7A-B3AC-A7D1E777FA01}.Debug|Any CPU.ActiveCfg = Debug|Any CPU
		{C7C3F68A-3D43-4C7A-B3AC-A7D1E777FA01}.Debug|Any CPU.Build.0 = Debug|Any CPU
		{C7C3F68A-3D43-4C7A-B3AC-A7D1E777FA01}.Release|Any CPU.ActiveCfg = Release|Any CPU
		{C7C3F68A-3D43-4C7A-B3AC-A7D1E777FA01}.Release|Any CPU.Build.0 = Release|Any CPU
	EndGlobalSection
	GlobalSection(SolutionProperties) = preSolution
		HideSolutionNode = FALSE
	EndGlobalSection
	GlobalSection(ExtensibilityGlobals) = postSolution
		SolutionGuid = {2F8AAEE7-D76C-4C42-AE98-AF4E53E0361C}
	EndGlobalSection
EndGlobal
